
Microsoft Visual Studio Solution File, Format Version 12.00
# Visual Studio Version 17
VisualStudioVersion = 17.0.32112.339
MinimumVisualStudioVersion = 10.0.40219.1
Project("{FAE04EC0-301F-11D3-BF4B-00C04F79EFBC}") = "Ejercicio04", "Ejercicio04\Ejercicio04.csproj", "{C34F56A1-D220-4191-9305-98FDABF181C4}"
EndProject
Project("{FAE04EC0-301F-11D3-BF4B-00C04F79EFBC}") = "LogicaEjercicio", "LogicaEjercicio\LogicaEjercicio.csproj", "{8B47839E-CB73-4922-84CD-FE715D36490B}"
EndProject
Global
	GlobalSection(SolutionConfigurationPlatforms) = preSolution
		Debug|Any CPU = Debug|Any CPU
		Release|Any CPU = Release|Any CPU
	EndGlobalSection
	GlobalSection(ProjectConfigurationPlatforms) = postSolution
		{C34F56A1-D220-4191-9305-98FDABF181C4}.Debug|Any CPU.ActiveCfg = Debug|Any CPU
		{C34F56A1-D220-4191-9305-98FDABF181C4}.Debug|Any CPU.Build.0 = Debug|Any CPU
		{C34F56A1-D220-4191-9305-98FDABF181C4}.Release|Any CPU.ActiveCfg = Release|Any CPU
		{C34F56A1-D220-4191-9305-98FDABF181C4}.Release|Any CPU.Build.0 = Release|Any CPU
		{8B47839E-CB73-4922-84CD-FE715D36490B}.Debug|Any CPU.ActiveCfg = Debug|Any CPU
		{8B47839E-CB73-4922-84CD-FE715D36490B}.Debug|Any CPU.Build.0 = Debug|Any CPU
		{8B47839E-CB73-4922-84CD-FE715D36490B}.Release|Any CPU.ActiveCfg = Release|Any CPU
		{8B47839E-CB73-4922-84CD-FE715D36490B}.Release|Any CPU.Build.0 = Release|Any CPU
	EndGlobalSection
	GlobalSection(SolutionProperties) = preSolution
		HideSolutionNode = FALSE
	EndGlobalSection
	GlobalSection(ExtensibilityGlobals) = postSolution
		SolutionGuid = {9349C5C4-4851-4F46-AD1C-53FCF6432352}
	EndGlobalSection
EndGlobal
