
Microsoft Visual Studio Solution File, Format Version 12.00
# Visual Studio Version 17
VisualStudioVersion = 17.0.32112.339
MinimumVisualStudioVersion = 10.0.40219.1
Project("{FAE04EC0-301F-11D3-BF4B-00C04F79EFBC}") = "Ejercicio I05 - Prueba de geometría", "Ejercicio I05 - Prueba de geometría\Ejercicio I05 - Prueba de geometría.csproj", "{0953BBCD-ECEE-4951-AC5B-9D0AEF934B2E}"
EndProject
Project("{FAE04EC0-301F-11D3-BF4B-00C04F79EFBC}") = "LogicaEjercicio", "LogicaEjercicio\LogicaEjercicio.csproj", "{EA81CD4E-E010-4BA4-B81E-64BFFD8154B3}"
EndProject
Global
	GlobalSection(SolutionConfigurationPlatforms) = preSolution
		Debug|Any CPU = Debug|Any CPU
		Release|Any CPU = Release|Any CPU
	EndGlobalSection
	GlobalSection(ProjectConfigurationPlatforms) = postSolution
		{0953BBCD-ECEE-4951-AC5B-9D0AEF934B2E}.Debug|Any CPU.ActiveCfg = Debug|Any CPU
		{0953BBCD-ECEE-4951-AC5B-9D0AEF934B2E}.Debug|Any CPU.Build.0 = Debug|Any CPU
		{0953BBCD-ECEE-4951-AC5B-9D0AEF934B2E}.Release|Any CPU.ActiveCfg = Release|Any CPU
		{0953BBCD-ECEE-4951-AC5B-9D0AEF934B2E}.Release|Any CPU.Build.0 = Release|Any CPU
		{EA81CD4E-E010-4BA4-B81E-64BFFD8154B3}.Debug|Any CPU.ActiveCfg = Debug|Any CPU
		{EA81CD4E-E010-4BA4-B81E-64BFFD8154B3}.Debug|Any CPU.Build.0 = Debug|Any CPU
		{EA81CD4E-E010-4BA4-B81E-64BFFD8154B3}.Release|Any CPU.ActiveCfg = Release|Any CPU
		{EA81CD4E-E010-4BA4-B81E-64BFFD8154B3}.Release|Any CPU.Build.0 = Release|Any CPU
	EndGlobalSection
	GlobalSection(SolutionProperties) = preSolution
		HideSolutionNode = FALSE
	EndGlobalSection
	GlobalSection(ExtensibilityGlobals) = postSolution
		SolutionGuid = {5EB5335F-8A06-4E8D-8962-6D3E34926802}
	EndGlobalSection
EndGlobal
