
Microsoft Visual Studio Solution File, Format Version 12.00
# Visual Studio Version 17
VisualStudioVersion = 17.0.32112.339
MinimumVisualStudioVersion = 10.0.40219.1
Project("{FAE04EC0-301F-11D3-BF4B-00C04F79EFBC}") = "Sobre-sobrescribiendo esas advertencias", "Sobre-sobrescribiendo esas advertencias\Sobre-sobrescribiendo esas advertencias.csproj", "{92AAD8C5-1D07-4D33-9496-66E3169C0679}"
EndProject
Project("{FAE04EC0-301F-11D3-BF4B-00C04F79EFBC}") = "ClassLibrary1", "ClassLibrary1\ClassLibrary1.csproj", "{98AD1DDE-176A-40EA-8A22-45B0DED4423B}"
EndProject
Global
	GlobalSection(SolutionConfigurationPlatforms) = preSolution
		Debug|Any CPU = Debug|Any CPU
		Release|Any CPU = Release|Any CPU
	EndGlobalSection
	GlobalSection(ProjectConfigurationPlatforms) = postSolution
		{92AAD8C5-1D07-4D33-9496-66E3169C0679}.Debug|Any CPU.ActiveCfg = Debug|Any CPU
		{92AAD8C5-1D07-4D33-9496-66E3169C0679}.Debug|Any CPU.Build.0 = Debug|Any CPU
		{92AAD8C5-1D07-4D33-9496-66E3169C0679}.Release|Any CPU.ActiveCfg = Release|Any CPU
		{92AAD8C5-1D07-4D33-9496-66E3169C0679}.Release|Any CPU.Build.0 = Release|Any CPU
		{98AD1DDE-176A-40EA-8A22-45B0DED4423B}.Debug|Any CPU.ActiveCfg = Debug|Any CPU
		{98AD1DDE-176A-40EA-8A22-45B0DED4423B}.Debug|Any CPU.Build.0 = Debug|Any CPU
		{98AD1DDE-176A-40EA-8A22-45B0DED4423B}.Release|Any CPU.ActiveCfg = Release|Any CPU
		{98AD1DDE-176A-40EA-8A22-45B0DED4423B}.Release|Any CPU.Build.0 = Release|Any CPU
	EndGlobalSection
	GlobalSection(SolutionProperties) = preSolution
		HideSolutionNode = FALSE
	EndGlobalSection
	GlobalSection(ExtensibilityGlobals) = postSolution
		SolutionGuid = {491F088F-CB7E-4CFE-AF28-8AF6DC1DFC59}
	EndGlobalSection
EndGlobal
