
Microsoft Visual Studio Solution File, Format Version 12.00
# Visual Studio Version 17
VisualStudioVersion = 17.0.32112.339
MinimumVisualStudioVersion = 10.0.40219.1
Project("{FAE04EC0-301F-11D3-BF4B-00C04F79EFBC}") = "Ejercicio06", "Ejercicio05\Ejercicio06.csproj", "{C73A350A-18AB-4F56-8AD0-89D47C9EFE19}"
EndProject
Project("{FAE04EC0-301F-11D3-BF4B-00C04F79EFBC}") = "LogicaEjercicio", "LogicaEjercicio\LogicaEjercicio.csproj", "{80DDBCEF-6D5A-413F-8A57-123A39061E5A}"
EndProject
Global
	GlobalSection(SolutionConfigurationPlatforms) = preSolution
		Debug|Any CPU = Debug|Any CPU
		Release|Any CPU = Release|Any CPU
	EndGlobalSection
	GlobalSection(ProjectConfigurationPlatforms) = postSolution
		{C73A350A-18AB-4F56-8AD0-89D47C9EFE19}.Debug|Any CPU.ActiveCfg = Debug|Any CPU
		{C73A350A-18AB-4F56-8AD0-89D47C9EFE19}.Debug|Any CPU.Build.0 = Debug|Any CPU
		{C73A350A-18AB-4F56-8AD0-89D47C9EFE19}.Release|Any CPU.ActiveCfg = Release|Any CPU
		{C73A350A-18AB-4F56-8AD0-89D47C9EFE19}.Release|Any CPU.Build.0 = Release|Any CPU
		{80DDBCEF-6D5A-413F-8A57-123A39061E5A}.Debug|Any CPU.ActiveCfg = Debug|Any CPU
		{80DDBCEF-6D5A-413F-8A57-123A39061E5A}.Debug|Any CPU.Build.0 = Debug|Any CPU
		{80DDBCEF-6D5A-413F-8A57-123A39061E5A}.Release|Any CPU.ActiveCfg = Release|Any CPU
		{80DDBCEF-6D5A-413F-8A57-123A39061E5A}.Release|Any CPU.Build.0 = Release|Any CPU
	EndGlobalSection
	GlobalSection(SolutionProperties) = preSolution
		HideSolutionNode = FALSE
	EndGlobalSection
	GlobalSection(ExtensibilityGlobals) = postSolution
		SolutionGuid = {782AF3A6-C610-42E6-B2F5-BB32B2CDBFBC}
	EndGlobalSection
EndGlobal
