
Microsoft Visual Studio Solution File, Format Version 12.00
# Visual Studio Version 17
VisualStudioVersion = 17.0.32112.339
MinimumVisualStudioVersion = 10.0.40219.1
Project("{FAE04EC0-301F-11D3-BF4B-00C04F79EFBC}") = "Encapsulamiento", "Encapsulamiento\Encapsulamiento.csproj", "{3A583BFC-0E51-423F-AD26-E5056EC5798B}"
EndProject
Project("{FAE04EC0-301F-11D3-BF4B-00C04F79EFBC}") = "Jugador", "Jugador\Jugador.csproj", "{445A7853-7558-4226-8030-391CD668CAC9}"
EndProject
Global
	GlobalSection(SolutionConfigurationPlatforms) = preSolution
		Debug|Any CPU = Debug|Any CPU
		Release|Any CPU = Release|Any CPU
	EndGlobalSection
	GlobalSection(ProjectConfigurationPlatforms) = postSolution
		{3A583BFC-0E51-423F-AD26-E5056EC5798B}.Debug|Any CPU.ActiveCfg = Debug|Any CPU
		{3A583BFC-0E51-423F-AD26-E5056EC5798B}.Debug|Any CPU.Build.0 = Debug|Any CPU
		{3A583BFC-0E51-423F-AD26-E5056EC5798B}.Release|Any CPU.ActiveCfg = Release|Any CPU
		{3A583BFC-0E51-423F-AD26-E5056EC5798B}.Release|Any CPU.Build.0 = Release|Any CPU
		{445A7853-7558-4226-8030-391CD668CAC9}.Debug|Any CPU.ActiveCfg = Debug|Any CPU
		{445A7853-7558-4226-8030-391CD668CAC9}.Debug|Any CPU.Build.0 = Debug|Any CPU
		{445A7853-7558-4226-8030-391CD668CAC9}.Release|Any CPU.ActiveCfg = Release|Any CPU
		{445A7853-7558-4226-8030-391CD668CAC9}.Release|Any CPU.Build.0 = Release|Any CPU
	EndGlobalSection
	GlobalSection(SolutionProperties) = preSolution
		HideSolutionNode = FALSE
	EndGlobalSection
	GlobalSection(ExtensibilityGlobals) = postSolution
		SolutionGuid = {8182FF60-5F56-429D-A4DA-8BA77568BC83}
	EndGlobalSection
EndGlobal
